
Microsoft Visual Studio Solution File, Format Version 12.00
# Visual Studio Version 17
VisualStudioVersion = 17.13.35828.75
MinimumVisualStudioVersion = 10.0.40219.1
Project("{2150E333-8FDC-42A3-9474-1A3956D46DE8}") = "Solution Items", "Solution Items", "{8EC462FD-D22E-90A8-E5CE-7E832BA40C5D}"
	ProjectSection(SolutionItems) = preProject
		.gitignore = .gitignore
		README.md = README.md
	EndProjectSection
EndProject
Project("{2150E333-8FDC-42A3-9474-1A3956D46DE8}") = "Data", "Data", "{02EA681E-C7D8-13C7-8484-4AC65E1B71E8}"
	ProjectSection(SolutionItems) = preProject
		AdvertisementPlatforms.json = AdvertisementPlatforms.json
	EndProjectSection
EndProject
Project("{FAE04EC0-301F-11D3-BF4B-00C04F79EFBC}") = "AdvertisingPlatform.Service", "AdvertisingPlatformService\AdvertisingPlatform.Service.csproj", "{2301B83A-1AED-BBA3-DFEE-61E9E94686F4}"
EndProject
Project("{FAE04EC0-301F-11D3-BF4B-00C04F79EFBC}") = "AdvertisingPlatformServiceTest", "AdvertisingPlatformServiceTest\AdvertisingPlatformServiceTest.csproj", "{2E159A68-269F-42C6-9C13-AC762532EBAF}"
EndProject
Global
	GlobalSection(SolutionConfigurationPlatforms) = preSolution
		Debug|Any CPU = Debug|Any CPU
		Release|Any CPU = Release|Any CPU
	EndGlobalSection
	GlobalSection(ProjectConfigurationPlatforms) = postSolution
		{2301B83A-1AED-BBA3-DFEE-61E9E94686F4}.Debug|Any CPU.ActiveCfg = Debug|Any CPU
		{2301B83A-1AED-BBA3-DFEE-61E9E94686F4}.Debug|Any CPU.Build.0 = Debug|Any CPU
		{2301B83A-1AED-BBA3-DFEE-61E9E94686F4}.Release|Any CPU.ActiveCfg = Release|Any CPU
		{2301B83A-1AED-BBA3-DFEE-61E9E94686F4}.Release|Any CPU.Build.0 = Release|Any CPU
		{2E159A68-269F-42C6-9C13-AC762532EBAF}.Debug|Any CPU.ActiveCfg = Debug|Any CPU
		{2E159A68-269F-42C6-9C13-AC762532EBAF}.Debug|Any CPU.Build.0 = Debug|Any CPU
		{2E159A68-269F-42C6-9C13-AC762532EBAF}.Release|Any CPU.ActiveCfg = Release|Any CPU
		{2E159A68-269F-42C6-9C13-AC762532EBAF}.Release|Any CPU.Build.0 = Release|Any CPU
	EndGlobalSection
	GlobalSection(SolutionProperties) = preSolution
		HideSolutionNode = FALSE
	EndGlobalSection
	GlobalSection(ExtensibilityGlobals) = postSolution
		SolutionGuid = {11C190E1-46D7-445A-AFA5-3E82E0BE1ECE}
	EndGlobalSection
EndGlobal
